
Microsoft Visual Studio Solution File, Format Version 12.00
# Visual Studio 15
VisualStudioVersion = 15.0.26730.16
MinimumVisualStudioVersion = 10.0.40219.1
Project("{FAE04EC0-301F-11D3-BF4B-00C04F79EFBC}") = "Garage Calculator", "Garage Calculator\Garage Calculator.csproj", "{D20612F1-7CD5-4D3B-ADDA-6412B1680AD7}"
EndProject
Global
	GlobalSection(SolutionConfigurationPlatforms) = preSolution
		Debug|Any CPU = Debug|Any CPU
		Release|Any CPU = Release|Any CPU
	EndGlobalSection
	GlobalSection(ProjectConfigurationPlatforms) = postSolution
		{D20612F1-7CD5-4D3B-ADDA-6412B1680AD7}.Debug|Any CPU.ActiveCfg = Debug|Any CPU
		{D20612F1-7CD5-4D3B-ADDA-6412B1680AD7}.Debug|Any CPU.Build.0 = Debug|Any CPU
		{D20612F1-7CD5-4D3B-ADDA-6412B1680AD7}.Release|Any CPU.ActiveCfg = Release|Any CPU
		{D20612F1-7CD5-4D3B-ADDA-6412B1680AD7}.Release|Any CPU.Build.0 = Release|Any CPU
	EndGlobalSection
	GlobalSection(SolutionProperties) = preSolution
		HideSolutionNode = FALSE
	EndGlobalSection
	GlobalSection(ExtensibilityGlobals) = postSolution
		SolutionGuid = {B3C10CF1-85AF-45C4-83EA-F6E2E2916A00}
	EndGlobalSection
EndGlobal
